
Microsoft Visual Studio Solution File, Format Version 12.00
# Visual Studio Version 16
VisualStudioVersion = 16.0.31205.134
MinimumVisualStudioVersion = 10.0.40219.1
Project("{FAE04EC0-301F-11D3-BF4B-00C04F79EFBC}") = "alapMuveletekGui", "alapMuveletekGui\alapMuveletekGui.csproj", "{FDE7F11E-8334-4528-A43F-448072881210}"
EndProject
Global
	GlobalSection(SolutionConfigurationPlatforms) = preSolution
		Debug|Any CPU = Debug|Any CPU
		Release|Any CPU = Release|Any CPU
	EndGlobalSection
	GlobalSection(ProjectConfigurationPlatforms) = postSolution
		{FDE7F11E-8334-4528-A43F-448072881210}.Debug|Any CPU.ActiveCfg = Debug|Any CPU
		{FDE7F11E-8334-4528-A43F-448072881210}.Debug|Any CPU.Build.0 = Debug|Any CPU
		{FDE7F11E-8334-4528-A43F-448072881210}.Release|Any CPU.ActiveCfg = Release|Any CPU
		{FDE7F11E-8334-4528-A43F-448072881210}.Release|Any CPU.Build.0 = Release|Any CPU
	EndGlobalSection
	GlobalSection(SolutionProperties) = preSolution
		HideSolutionNode = FALSE
	EndGlobalSection
	GlobalSection(ExtensibilityGlobals) = postSolution
		SolutionGuid = {DE99E2DC-11CA-4A48-B57A-03A87A9ED248}
	EndGlobalSection
EndGlobal
